
Microsoft Visual Studio Solution File, Format Version 12.00
# Visual Studio 15
VisualStudioVersion = 15.0.26730.16
MinimumVisualStudioVersion = 10.0.40219.1
Project("{FAE04EC0-301F-11D3-BF4B-00C04F79EFBC}") = "PlateRecognitionSystem", "PlateRecognitionSystem\PlateRecognitionSystem.csproj", "{36387254-2315-4FEF-AA7E-829DC1B78BDF}"
EndProject
Global
	GlobalSection(SolutionConfigurationPlatforms) = preSolution
		Debug|Any CPU = Debug|Any CPU
		Release|Any CPU = Release|Any CPU
	EndGlobalSection
	GlobalSection(ProjectConfigurationPlatforms) = postSolution
		{36387254-2315-4FEF-AA7E-829DC1B78BDF}.Debug|Any CPU.ActiveCfg = Debug|Any CPU
		{36387254-2315-4FEF-AA7E-829DC1B78BDF}.Debug|Any CPU.Build.0 = Debug|Any CPU
		{36387254-2315-4FEF-AA7E-829DC1B78BDF}.Release|Any CPU.ActiveCfg = Release|Any CPU
		{36387254-2315-4FEF-AA7E-829DC1B78BDF}.Release|Any CPU.Build.0 = Release|Any CPU
	EndGlobalSection
	GlobalSection(SolutionProperties) = preSolution
		HideSolutionNode = FALSE
	EndGlobalSection
	GlobalSection(ExtensibilityGlobals) = postSolution
		SolutionGuid = {297BA9E7-58B5-4A40-871D-6DC41F74202C}
	EndGlobalSection
EndGlobal
